
Microsoft Visual Studio Solution File, Format Version 12.00
# Visual Studio Version 17
VisualStudioVersion = 17.10.34607.79
MinimumVisualStudioVersion = 10.0.40219.1
Project("{FAE04EC0-301F-11D3-BF4B-00C04F79EFBC}") = "Get-CSProj-Tag", "Get-CSProj-Tag.csproj", "{2FC5718B-D236-45C7-9D05-CF4A6C3D005E}"
EndProject
Global
	GlobalSection(SolutionConfigurationPlatforms) = preSolution
		Debug|Any CPU = Debug|Any CPU
		Release|Any CPU = Release|Any CPU
	EndGlobalSection
	GlobalSection(ProjectConfigurationPlatforms) = postSolution
		{2FC5718B-D236-45C7-9D05-CF4A6C3D005E}.Debug|Any CPU.ActiveCfg = Debug|Any CPU
		{2FC5718B-D236-45C7-9D05-CF4A6C3D005E}.Debug|Any CPU.Build.0 = Debug|Any CPU
		{2FC5718B-D236-45C7-9D05-CF4A6C3D005E}.Release|Any CPU.ActiveCfg = Release|Any CPU
		{2FC5718B-D236-45C7-9D05-CF4A6C3D005E}.Release|Any CPU.Build.0 = Release|Any CPU
	EndGlobalSection
	GlobalSection(SolutionProperties) = preSolution
		HideSolutionNode = FALSE
	EndGlobalSection
	GlobalSection(ExtensibilityGlobals) = postSolution
		SolutionGuid = {3858B3A9-E098-45AE-B296-7338B19E3F6E}
	EndGlobalSection
EndGlobal
